// !$*UTF8*$!
{
	archiveVersion = 1;
	classes = {
	};
	objectVersion = 56;
	objects = {

/* Begin PBXBuildFile section */
		751256A22C86376A000234C0 /* Organization.swift in Sources */ = {isa = PBXBuildFile; fileRef = 751256A12C86376A000234C0 /* Organization.swift */; };
		751256A52C863988000234C0 /* ProjectListResponse.swift in Sources */ = {isa = PBXBuildFile; fileRef = 751256A42C863988000234C0 /* ProjectListResponse.swift */; };
		751256A72C863AB1000234C0 /* OrganizationListResponse.swift in Sources */ = {isa = PBXBuildFile; fileRef = 751256A62C863AB1000234C0 /* OrganizationListResponse.swift */; };
		751256AA2C863C4B000234C0 /* ArrayUtils.swift in Sources */ = {isa = PBXBuildFile; fileRef = 751256A92C863C4B000234C0 /* ArrayUtils.swift */; };
		751256AC2C8646D3000234C0 /* ErrorView.swift in Sources */ = {isa = PBXBuildFile; fileRef = 751256AB2C8646D3000234C0 /* ErrorView.swift */; };
		751256AE2C866172000234C0 /* SecureTextField.swift in Sources */ = {isa = PBXBuildFile; fileRef = 751256AD2C866172000234C0 /* SecureTextField.swift */; };
		751256B02C866C27000234C0 /* Page.swift in Sources */ = {isa = PBXBuildFile; fileRef = 751256AF2C866C27000234C0 /* Page.swift */; };
		751256B22C877B36000234C0 /* IntUtils.swift in Sources */ = {isa = PBXBuildFile; fileRef = 751256B12C877B36000234C0 /* IntUtils.swift */; };
		751256D52C8E004F000234C0 /* ApiKeyValidator.swift in Sources */ = {isa = PBXBuildFile; fileRef = 751256D42C8E004F000234C0 /* ApiKeyValidator.swift */; };
		751256DB2C8E03AC000234C0 /* BaseUrlValidatorTests.swift in Sources */ = {isa = PBXBuildFile; fileRef = 751256DA2C8E03AC000234C0 /* BaseUrlValidatorTests.swift */; };
		751256E22C8E08B8000234C0 /* NameValidatorTests.swift in Sources */ = {isa = PBXBuildFile; fileRef = 751256E12C8E08B8000234C0 /* NameValidatorTests.swift */; };
		751256E42C8E08CB000234C0 /* ApiKeyValidatorTests.swift in Sources */ = {isa = PBXBuildFile; fileRef = 751256E32C8E08CB000234C0 /* ApiKeyValidatorTests.swift */; };
		7545E6DD2C7E7DF70078B903 /* ProfilePicker.swift in Sources */ = {isa = PBXBuildFile; fileRef = 7545E6DC2C7E7DF70078B903 /* ProfilePicker.swift */; };
		7545E6DF2C7E80C00078B903 /* SonarQubeUserDefaults.swift in Sources */ = {isa = PBXBuildFile; fileRef = 7545E6DE2C7E80C00078B903 /* SonarQubeUserDefaults.swift */; };
		7545E6E12C7FC90E0078B903 /* AddProfileView.swift in Sources */ = {isa = PBXBuildFile; fileRef = 7545E6E02C7FC90E0078B903 /* AddProfileView.swift */; };
		7545E6E32C80FEC70078B903 /* SonarCloudUserDefaults.swift in Sources */ = {isa = PBXBuildFile; fileRef = 7545E6E22C80FEC70078B903 /* SonarCloudUserDefaults.swift */; };
		7545E6E52C83498B0078B903 /* SonarUserDefaults.swift in Sources */ = {isa = PBXBuildFile; fileRef = 7545E6E42C83498B0078B903 /* SonarUserDefaults.swift */; };
		7545E6EA2C84D9240078B903 /* SonarUserDefaultsValidator.swift in Sources */ = {isa = PBXBuildFile; fileRef = 7545E6E92C84D9240078B903 /* SonarUserDefaultsValidator.swift */; };
		7545E6EC2C84D97C0078B903 /* ProfileSettingsValidatorFactory.swift in Sources */ = {isa = PBXBuildFile; fileRef = 7545E6EB2C84D97C0078B903 /* ProfileSettingsValidatorFactory.swift */; };
		7545E6EF2C84DB190078B903 /* BaseUrlValidator.swift in Sources */ = {isa = PBXBuildFile; fileRef = 7545E6EE2C84DB190078B903 /* BaseUrlValidator.swift */; };
		7545E6F12C84E1890078B903 /* AddProfileViewModel.swift in Sources */ = {isa = PBXBuildFile; fileRef = 7545E6F02C84E1890078B903 /* AddProfileViewModel.swift */; };
		7545E6F32C8508580078B903 /* SonarQubeSettingsView.swift in Sources */ = {isa = PBXBuildFile; fileRef = 7545E6F22C8508580078B903 /* SonarQubeSettingsView.swift */; };
		7545E6F52C8519D20078B903 /* NameValidator.swift in Sources */ = {isa = PBXBuildFile; fileRef = 7545E6F42C8519D20078B903 /* NameValidator.swift */; };
		755A9F0E2C72124200570528 /* HTTPTypes in Frameworks */ = {isa = PBXBuildFile; productRef = 755A9F0D2C72124200570528 /* HTTPTypes */; };
		755A9F102C72124200570528 /* HTTPTypesFoundation in Frameworks */ = {isa = PBXBuildFile; productRef = 755A9F0F2C72124200570528 /* HTTPTypesFoundation */; };
		755A9F122C72214800570528 /* APIError.swift in Sources */ = {isa = PBXBuildFile; fileRef = 755A9F112C72214800570528 /* APIError.swift */; };
		756AED5C2C78E4EB00F7972C /* Preferences.swift in Sources */ = {isa = PBXBuildFile; fileRef = 756AED5B2C78E4EB00F7972C /* Preferences.swift */; };
		756EABD22C71633300EFBE33 /* Issue.swift in Sources */ = {isa = PBXBuildFile; fileRef = 756EABD12C71633300EFBE33 /* Issue.swift */; };
		7597CBB12C7684AB003810AF /* BundleData.swift in Sources */ = {isa = PBXBuildFile; fileRef = 7597CBB02C7684AB003810AF /* BundleData.swift */; };
		7597CBB32C768DE4003810AF /* Headers.swift in Sources */ = {isa = PBXBuildFile; fileRef = 7597CBB22C768DE4003810AF /* Headers.swift */; };
		75E56BE92C70B929000CA0BC /* SonariOSApp.swift in Sources */ = {isa = PBXBuildFile; fileRef = 75E56BE82C70B929000CA0BC /* SonariOSApp.swift */; };
		75E56BEB2C70B929000CA0BC /* ContentView.swift in Sources */ = {isa = PBXBuildFile; fileRef = 75E56BEA2C70B929000CA0BC /* ContentView.swift */; };
		75E56BED2C70B92A000CA0BC /* Assets.xcassets in Resources */ = {isa = PBXBuildFile; fileRef = 75E56BEC2C70B92A000CA0BC /* Assets.xcassets */; };
		75E56BF02C70B92A000CA0BC /* Preview Assets.xcassets in Resources */ = {isa = PBXBuildFile; fileRef = 75E56BEF2C70B92A000CA0BC /* Preview Assets.xcassets */; };
		75E56BFA2C70B92A000CA0BC /* ProjectsViewModelTests.swift in Sources */ = {isa = PBXBuildFile; fileRef = 75E56BF92C70B92A000CA0BC /* ProjectsViewModelTests.swift */; };
		75E56C042C70B92A000CA0BC /* SonariOSUITests.swift in Sources */ = {isa = PBXBuildFile; fileRef = 75E56C032C70B92A000CA0BC /* SonariOSUITests.swift */; };
		75E56C062C70B92A000CA0BC /* SonariOSUITestsLaunchTests.swift in Sources */ = {isa = PBXBuildFile; fileRef = 75E56C052C70B92A000CA0BC /* SonariOSUITestsLaunchTests.swift */; };
		75E56C142C70B972000CA0BC /* SonarClient.swift in Sources */ = {isa = PBXBuildFile; fileRef = 75E56C132C70B972000CA0BC /* SonarClient.swift */; };
		75E56C172C70B9C7000CA0BC /* Project.swift in Sources */ = {isa = PBXBuildFile; fileRef = 75E56C162C70B9C7000CA0BC /* Project.swift */; };
		75E56C192C70BA11000CA0BC /* SonarQubeClient.swift in Sources */ = {isa = PBXBuildFile; fileRef = 75E56C182C70BA11000CA0BC /* SonarQubeClient.swift */; };
		75E56C1B2C70BA1D000CA0BC /* SonarCloudClient.swift in Sources */ = {isa = PBXBuildFile; fileRef = 75E56C1A2C70BA1D000CA0BC /* SonarCloudClient.swift */; };
		75E56C1E2C70BACA000CA0BC /* Factory in Frameworks */ = {isa = PBXBuildFile; productRef = 75E56C1D2C70BACA000CA0BC /* Factory */; };
		75E56C212C70BB6E000CA0BC /* DependencyContainer.swift in Sources */ = {isa = PBXBuildFile; fileRef = 75E56C202C70BB6E000CA0BC /* DependencyContainer.swift */; };
		75E56C232C70BBE1000CA0BC /* ProjectsViewModel.swift in Sources */ = {isa = PBXBuildFile; fileRef = 75E56C222C70BBE1000CA0BC /* ProjectsViewModel.swift */; };
		75E56C282C70C341000CA0BC /* Cuckoo in Frameworks */ = {isa = PBXBuildFile; productRef = 75E56C272C70C341000CA0BC /* Cuckoo */; };
		75EF1A7D2C72B4A800E3D879 /* APIListResponse.swift in Sources */ = {isa = PBXBuildFile; fileRef = 75EF1A7C2C72B4A800E3D879 /* APIListResponse.swift */; };
		75FFC4762C79249A00FD945E /* ProjectsView.swift in Sources */ = {isa = PBXBuildFile; fileRef = 75FFC4752C79249A00FD945E /* ProjectsView.swift */; };
		75FFC47A2C792D7100FD945E /* SettingsView.swift in Sources */ = {isa = PBXBuildFile; fileRef = 75FFC4792C792D7100FD945E /* SettingsView.swift */; };
		75FFC47C2C792EAB00FD945E /* ProfileView.swift in Sources */ = {isa = PBXBuildFile; fileRef = 75FFC47B2C792EAB00FD945E /* ProfileView.swift */; };
/* End PBXBuildFile section */

/* Begin PBXContainerItemProxy section */
		75E56BF62C70B92A000CA0BC /* PBXContainerItemProxy */ = {
			isa = PBXContainerItemProxy;
			containerPortal = 75E56BDD2C70B929000CA0BC /* Project object */;
			proxyType = 1;
			remoteGlobalIDString = 75E56BE42C70B929000CA0BC;
			remoteInfo = SonariOS;
		};
		75E56C002C70B92A000CA0BC /* PBXContainerItemProxy */ = {
			isa = PBXContainerItemProxy;
			containerPortal = 75E56BDD2C70B929000CA0BC /* Project object */;
			proxyType = 1;
			remoteGlobalIDString = 75E56BE42C70B929000CA0BC;
			remoteInfo = SonariOS;
		};
/* End PBXContainerItemProxy section */

/* Begin PBXFileReference section */
		7500685E2C7CD45D00213AB2 /* UnitTests.xctestplan */ = {isa = PBXFileReference; lastKnownFileType = text; path = UnitTests.xctestplan; sourceTree = "<group>"; };
		751256A12C86376A000234C0 /* Organization.swift */ = {isa = PBXFileReference; fileEncoding = 4; lastKnownFileType = sourcecode.swift; path = Organization.swift; sourceTree = "<group>"; };
		751256A42C863988000234C0 /* ProjectListResponse.swift */ = {isa = PBXFileReference; lastKnownFileType = sourcecode.swift; path = ProjectListResponse.swift; sourceTree = "<group>"; };
		751256A62C863AB1000234C0 /* OrganizationListResponse.swift */ = {isa = PBXFileReference; lastKnownFileType = sourcecode.swift; path = OrganizationListResponse.swift; sourceTree = "<group>"; };
		751256A92C863C4B000234C0 /* ArrayUtils.swift */ = {isa = PBXFileReference; lastKnownFileType = sourcecode.swift; path = ArrayUtils.swift; sourceTree = "<group>"; };
		751256AB2C8646D3000234C0 /* ErrorView.swift */ = {isa = PBXFileReference; lastKnownFileType = sourcecode.swift; path = ErrorView.swift; sourceTree = "<group>"; };
		751256AD2C866172000234C0 /* SecureTextField.swift */ = {isa = PBXFileReference; lastKnownFileType = sourcecode.swift; path = SecureTextField.swift; sourceTree = "<group>"; };
		751256AF2C866C27000234C0 /* Page.swift */ = {isa = PBXFileReference; lastKnownFileType = sourcecode.swift; path = Page.swift; sourceTree = "<group>"; };
		751256B12C877B36000234C0 /* IntUtils.swift */ = {isa = PBXFileReference; lastKnownFileType = sourcecode.swift; path = IntUtils.swift; sourceTree = "<group>"; };
		751256D42C8E004F000234C0 /* ApiKeyValidator.swift */ = {isa = PBXFileReference; lastKnownFileType = sourcecode.swift; path = ApiKeyValidator.swift; sourceTree = "<group>"; };
		751256DA2C8E03AC000234C0 /* BaseUrlValidatorTests.swift */ = {isa = PBXFileReference; lastKnownFileType = sourcecode.swift; path = BaseUrlValidatorTests.swift; sourceTree = "<group>"; };
		751256E12C8E08B8000234C0 /* NameValidatorTests.swift */ = {isa = PBXFileReference; lastKnownFileType = sourcecode.swift; path = NameValidatorTests.swift; sourceTree = "<group>"; };
		751256E32C8E08CB000234C0 /* ApiKeyValidatorTests.swift */ = {isa = PBXFileReference; lastKnownFileType = sourcecode.swift; path = ApiKeyValidatorTests.swift; sourceTree = "<group>"; };
		7545E6DC2C7E7DF70078B903 /* ProfilePicker.swift */ = {isa = PBXFileReference; lastKnownFileType = sourcecode.swift; path = ProfilePicker.swift; sourceTree = "<group>"; };
		7545E6DE2C7E80C00078B903 /* SonarQubeUserDefaults.swift */ = {isa = PBXFileReference; lastKnownFileType = sourcecode.swift; path = SonarQubeUserDefaults.swift; sourceTree = "<group>"; };
		7545E6E02C7FC90E0078B903 /* AddProfileView.swift */ = {isa = PBXFileReference; lastKnownFileType = sourcecode.swift; path = AddProfileView.swift; sourceTree = "<group>"; };
		7545E6E22C80FEC70078B903 /* SonarCloudUserDefaults.swift */ = {isa = PBXFileReference; lastKnownFileType = sourcecode.swift; path = SonarCloudUserDefaults.swift; sourceTree = "<group>"; };
		7545E6E42C83498B0078B903 /* SonarUserDefaults.swift */ = {isa = PBXFileReference; lastKnownFileType = sourcecode.swift; path = SonarUserDefaults.swift; sourceTree = "<group>"; };
		7545E6E92C84D9240078B903 /* SonarUserDefaultsValidator.swift */ = {isa = PBXFileReference; lastKnownFileType = sourcecode.swift; path = SonarUserDefaultsValidator.swift; sourceTree = "<group>"; };
		7545E6EB2C84D97C0078B903 /* ProfileSettingsValidatorFactory.swift */ = {isa = PBXFileReference; lastKnownFileType = sourcecode.swift; path = ProfileSettingsValidatorFactory.swift; sourceTree = "<group>"; };
		7545E6EE2C84DB190078B903 /* BaseUrlValidator.swift */ = {isa = PBXFileReference; lastKnownFileType = sourcecode.swift; path = BaseUrlValidator.swift; sourceTree = "<group>"; };
		7545E6F02C84E1890078B903 /* AddProfileViewModel.swift */ = {isa = PBXFileReference; lastKnownFileType = sourcecode.swift; path = AddProfileViewModel.swift; sourceTree = "<group>"; };
		7545E6F22C8508580078B903 /* SonarQubeSettingsView.swift */ = {isa = PBXFileReference; lastKnownFileType = sourcecode.swift; path = SonarQubeSettingsView.swift; sourceTree = "<group>"; };
		7545E6F42C8519D20078B903 /* NameValidator.swift */ = {isa = PBXFileReference; lastKnownFileType = sourcecode.swift; path = NameValidator.swift; sourceTree = "<group>"; };
		755A9F112C72214800570528 /* APIError.swift */ = {isa = PBXFileReference; lastKnownFileType = sourcecode.swift; path = APIError.swift; sourceTree = "<group>"; };
		756AED5B2C78E4EB00F7972C /* Preferences.swift */ = {isa = PBXFileReference; lastKnownFileType = sourcecode.swift; path = Preferences.swift; sourceTree = "<group>"; };
		756EABCE2C7152B400EFBE33 /* .swift-version */ = {isa = PBXFileReference; lastKnownFileType = text; path = ".swift-version"; sourceTree = "<group>"; };
		756EABD12C71633300EFBE33 /* Issue.swift */ = {isa = PBXFileReference; lastKnownFileType = sourcecode.swift; path = Issue.swift; sourceTree = "<group>"; };
		757E278E2C7D07A2002B198F /* FullTests.xctestplan */ = {isa = PBXFileReference; lastKnownFileType = text; path = FullTests.xctestplan; sourceTree = "<group>"; };
		7597CBB02C7684AB003810AF /* BundleData.swift */ = {isa = PBXFileReference; lastKnownFileType = sourcecode.swift; path = BundleData.swift; sourceTree = "<group>"; };
		7597CBB22C768DE4003810AF /* Headers.swift */ = {isa = PBXFileReference; lastKnownFileType = sourcecode.swift; path = Headers.swift; sourceTree = "<group>"; };
		75E56BE52C70B929000CA0BC /* SonariOS.app */ = {isa = PBXFileReference; explicitFileType = wrapper.application; includeInIndex = 0; path = SonariOS.app; sourceTree = BUILT_PRODUCTS_DIR; };
		75E56BE82C70B929000CA0BC /* SonariOSApp.swift */ = {isa = PBXFileReference; lastKnownFileType = sourcecode.swift; path = SonariOSApp.swift; sourceTree = "<group>"; };
		75E56BEA2C70B929000CA0BC /* ContentView.swift */ = {isa = PBXFileReference; lastKnownFileType = sourcecode.swift; path = ContentView.swift; sourceTree = "<group>"; };
		75E56BEC2C70B92A000CA0BC /* Assets.xcassets */ = {isa = PBXFileReference; lastKnownFileType = folder.assetcatalog; path = Assets.xcassets; sourceTree = "<group>"; };
		75E56BEF2C70B92A000CA0BC /* Preview Assets.xcassets */ = {isa = PBXFileReference; lastKnownFileType = folder.assetcatalog; path = "Preview Assets.xcassets"; sourceTree = "<group>"; };
		75E56BF52C70B92A000CA0BC /* SonariOSTests.xctest */ = {isa = PBXFileReference; explicitFileType = wrapper.cfbundle; includeInIndex = 0; path = SonariOSTests.xctest; sourceTree = BUILT_PRODUCTS_DIR; };
		75E56BF92C70B92A000CA0BC /* ProjectsViewModelTests.swift */ = {isa = PBXFileReference; lastKnownFileType = sourcecode.swift; path = ProjectsViewModelTests.swift; sourceTree = "<group>"; };
		75E56BFF2C70B92A000CA0BC /* SonariOSUITests.xctest */ = {isa = PBXFileReference; explicitFileType = wrapper.cfbundle; includeInIndex = 0; path = SonariOSUITests.xctest; sourceTree = BUILT_PRODUCTS_DIR; };
		75E56C032C70B92A000CA0BC /* SonariOSUITests.swift */ = {isa = PBXFileReference; lastKnownFileType = sourcecode.swift; path = SonariOSUITests.swift; sourceTree = "<group>"; };
		75E56C052C70B92A000CA0BC /* SonariOSUITestsLaunchTests.swift */ = {isa = PBXFileReference; lastKnownFileType = sourcecode.swift; path = SonariOSUITestsLaunchTests.swift; sourceTree = "<group>"; };
		75E56C132C70B972000CA0BC /* SonarClient.swift */ = {isa = PBXFileReference; lastKnownFileType = sourcecode.swift; path = SonarClient.swift; sourceTree = "<group>"; };
		75E56C162C70B9C7000CA0BC /* Project.swift */ = {isa = PBXFileReference; lastKnownFileType = sourcecode.swift; path = Project.swift; sourceTree = "<group>"; };
		75E56C182C70BA11000CA0BC /* SonarQubeClient.swift */ = {isa = PBXFileReference; lastKnownFileType = sourcecode.swift; path = SonarQubeClient.swift; sourceTree = "<group>"; };
		75E56C1A2C70BA1D000CA0BC /* SonarCloudClient.swift */ = {isa = PBXFileReference; lastKnownFileType = sourcecode.swift; path = SonarCloudClient.swift; sourceTree = "<group>"; };
		75E56C1F2C70BAF3000CA0BC /* README.md */ = {isa = PBXFileReference; lastKnownFileType = net.daringfireball.markdown; path = README.md; sourceTree = "<group>"; };
		75E56C202C70BB6E000CA0BC /* DependencyContainer.swift */ = {isa = PBXFileReference; lastKnownFileType = sourcecode.swift; path = DependencyContainer.swift; sourceTree = "<group>"; };
		75E56C222C70BBE1000CA0BC /* ProjectsViewModel.swift */ = {isa = PBXFileReference; lastKnownFileType = sourcecode.swift; path = ProjectsViewModel.swift; sourceTree = "<group>"; };
		75E56C362C70D71B000CA0BC /* Cuckoofile.toml */ = {isa = PBXFileReference; lastKnownFileType = text; path = Cuckoofile.toml; sourceTree = "<group>"; };
		75EF1A7C2C72B4A800E3D879 /* APIListResponse.swift */ = {isa = PBXFileReference; lastKnownFileType = sourcecode.swift; path = APIListResponse.swift; sourceTree = "<group>"; };
		75FFC4752C79249A00FD945E /* ProjectsView.swift */ = {isa = PBXFileReference; lastKnownFileType = sourcecode.swift; path = ProjectsView.swift; sourceTree = "<group>"; };
		75FFC4792C792D7100FD945E /* SettingsView.swift */ = {isa = PBXFileReference; lastKnownFileType = sourcecode.swift; path = SettingsView.swift; sourceTree = "<group>"; };
		75FFC47B2C792EAB00FD945E /* ProfileView.swift */ = {isa = PBXFileReference; lastKnownFileType = sourcecode.swift; path = ProfileView.swift; sourceTree = "<group>"; };
/* End PBXFileReference section */

/* Begin PBXFrameworksBuildPhase section */
		75E56BE22C70B929000CA0BC /* Frameworks */ = {
			isa = PBXFrameworksBuildPhase;
			buildActionMask = 2147483647;
			files = (
				755A9F0E2C72124200570528 /* HTTPTypes in Frameworks */,
				755A9F102C72124200570528 /* HTTPTypesFoundation in Frameworks */,
				75E56C1E2C70BACA000CA0BC /* Factory in Frameworks */,
			);
			runOnlyForDeploymentPostprocessing = 0;
		};
		75E56BF22C70B92A000CA0BC /* Frameworks */ = {
			isa = PBXFrameworksBuildPhase;
			buildActionMask = 2147483647;
			files = (
				75E56C282C70C341000CA0BC /* Cuckoo in Frameworks */,
			);
			runOnlyForDeploymentPostprocessing = 0;
		};
		75E56BFC2C70B92A000CA0BC /* Frameworks */ = {
			isa = PBXFrameworksBuildPhase;
			buildActionMask = 2147483647;
			files = (
			);
			runOnlyForDeploymentPostprocessing = 0;
		};
/* End PBXFrameworksBuildPhase section */

/* Begin PBXGroup section */
		751256A32C863959000234C0 /* Model */ = {
			isa = PBXGroup;
			children = (
				755A9F112C72214800570528 /* APIError.swift */,
				75EF1A7C2C72B4A800E3D879 /* APIListResponse.swift */,
				751256A42C863988000234C0 /* ProjectListResponse.swift */,
				751256A62C863AB1000234C0 /* OrganizationListResponse.swift */,
				751256AF2C866C27000234C0 /* Page.swift */,
			);
			path = Model;
			sourceTree = "<group>";
		};
		751256A82C863C3C000234C0 /* Utils */ = {
			isa = PBXGroup;
			children = (
				751256A92C863C4B000234C0 /* ArrayUtils.swift */,
				751256B12C877B36000234C0 /* IntUtils.swift */,
			);
			path = Utils;
			sourceTree = "<group>";
		};
		751256D62C8E0377000234C0 /* Service */ = {
			isa = PBXGroup;
			children = (
				751256D72C8E0380000234C0 /* Profile */,
			);
			path = Service;
			sourceTree = "<group>";
		};
		751256D72C8E0380000234C0 /* Profile */ = {
			isa = PBXGroup;
			children = (
				751256D82C8E0385000234C0 /* Settings */,
			);
			path = Profile;
			sourceTree = "<group>";
		};
		751256D82C8E0385000234C0 /* Settings */ = {
			isa = PBXGroup;
			children = (
				751256D92C8E038C000234C0 /* Validators */,
			);
			path = Settings;
			sourceTree = "<group>";
		};
		751256D92C8E038C000234C0 /* Validators */ = {
			isa = PBXGroup;
			children = (
				751256DA2C8E03AC000234C0 /* BaseUrlValidatorTests.swift */,
				751256E12C8E08B8000234C0 /* NameValidatorTests.swift */,
				751256E32C8E08CB000234C0 /* ApiKeyValidatorTests.swift */,
			);
			path = Validators;
			sourceTree = "<group>";
		};
		7545E6E62C84D8FD0078B903 /* Service */ = {
			isa = PBXGroup;
			children = (
				751256A82C863C3C000234C0 /* Utils */,
				7545E6E72C84D9090078B903 /* Profile */,
			);
			path = Service;
			sourceTree = "<group>";
		};
		7545E6E72C84D9090078B903 /* Profile */ = {
			isa = PBXGroup;
			children = (
				7545E6E82C84D9120078B903 /* Settings */,
			);
			path = Profile;
			sourceTree = "<group>";
		};
		7545E6E82C84D9120078B903 /* Settings */ = {
			isa = PBXGroup;
			children = (
				7545E6ED2C84DAFC0078B903 /* Validators */,
				7545E6E92C84D9240078B903 /* SonarUserDefaultsValidator.swift */,
				7545E6EB2C84D97C0078B903 /* ProfileSettingsValidatorFactory.swift */,
			);
			path = Settings;
			sourceTree = "<group>";
		};
		7545E6ED2C84DAFC0078B903 /* Validators */ = {
			isa = PBXGroup;
			children = (
				7545E6EE2C84DB190078B903 /* BaseUrlValidator.swift */,
				7545E6F42C8519D20078B903 /* NameValidator.swift */,
				751256D42C8E004F000234C0 /* ApiKeyValidator.swift */,
			);
			path = Validators;
			sourceTree = "<group>";
		};
		756AED5D2C78E55900F7972C /* Preferences */ = {
			isa = PBXGroup;
			children = (
				756AED5B2C78E4EB00F7972C /* Preferences.swift */,
				7545E6DE2C7E80C00078B903 /* SonarQubeUserDefaults.swift */,
				7545E6E22C80FEC70078B903 /* SonarCloudUserDefaults.swift */,
				7545E6E42C83498B0078B903 /* SonarUserDefaults.swift */,
			);
			path = Preferences;
			sourceTree = "<group>";
		};
		75E56BDC2C70B929000CA0BC = {
			isa = PBXGroup;
			children = (
				757E278E2C7D07A2002B198F /* FullTests.xctestplan */,
				7500685E2C7CD45D00213AB2 /* UnitTests.xctestplan */,
				756EABCE2C7152B400EFBE33 /* .swift-version */,
				75E56C362C70D71B000CA0BC /* Cuckoofile.toml */,
				75E56C1F2C70BAF3000CA0BC /* README.md */,
				75E56BE72C70B929000CA0BC /* SonariOS */,
				75E56BF82C70B92A000CA0BC /* SonariOSTests */,
				75E56C022C70B92A000CA0BC /* SonariOSUITests */,
				75E56BE62C70B929000CA0BC /* Products */,
				75E56C2D2C70C3F5000CA0BC /* Frameworks */,
			);
			sourceTree = "<group>";
		};
		75E56BE62C70B929000CA0BC /* Products */ = {
			isa = PBXGroup;
			children = (
				75E56BE52C70B929000CA0BC /* SonariOS.app */,
				75E56BF52C70B92A000CA0BC /* SonariOSTests.xctest */,
				75E56BFF2C70B92A000CA0BC /* SonariOSUITests.xctest */,
			);
			name = Products;
			sourceTree = "<group>";
		};
		75E56BE72C70B929000CA0BC /* SonariOS */ = {
			isa = PBXGroup;
			children = (
				7545E6E62C84D8FD0078B903 /* Service */,
				75FFC4732C79245100FD945E /* Screens */,
				756AED5D2C78E55900F7972C /* Preferences */,
				75E56C152C70B9BA000CA0BC /* Model */,
				75E56C122C70B940000CA0BC /* Client */,
				75E56BE82C70B929000CA0BC /* SonariOSApp.swift */,
				75E56BEA2C70B929000CA0BC /* ContentView.swift */,
				75E56BEC2C70B92A000CA0BC /* Assets.xcassets */,
				75E56BEE2C70B92A000CA0BC /* Preview Content */,
				75E56C202C70BB6E000CA0BC /* DependencyContainer.swift */,
				7597CBB02C7684AB003810AF /* BundleData.swift */,
			);
			path = SonariOS;
			sourceTree = "<group>";
		};
		75E56BEE2C70B92A000CA0BC /* Preview Content */ = {
			isa = PBXGroup;
			children = (
				75E56BEF2C70B92A000CA0BC /* Preview Assets.xcassets */,
			);
			path = "Preview Content";
			sourceTree = "<group>";
		};
		75E56BF82C70B92A000CA0BC /* SonariOSTests */ = {
			isa = PBXGroup;
			children = (
				751256D62C8E0377000234C0 /* Service */,
				75E56BF92C70B92A000CA0BC /* ProjectsViewModelTests.swift */,
			);
			path = SonariOSTests;
			sourceTree = "<group>";
		};
		75E56C022C70B92A000CA0BC /* SonariOSUITests */ = {
			isa = PBXGroup;
			children = (
				75E56C032C70B92A000CA0BC /* SonariOSUITests.swift */,
				75E56C052C70B92A000CA0BC /* SonariOSUITestsLaunchTests.swift */,
			);
			path = SonariOSUITests;
			sourceTree = "<group>";
		};
		75E56C122C70B940000CA0BC /* Client */ = {
			isa = PBXGroup;
			children = (
				751256A32C863959000234C0 /* Model */,
				75E56C132C70B972000CA0BC /* SonarClient.swift */,
				75E56C182C70BA11000CA0BC /* SonarQubeClient.swift */,
				75E56C1A2C70BA1D000CA0BC /* SonarCloudClient.swift */,
				7597CBB22C768DE4003810AF /* Headers.swift */,
			);
			path = Client;
			sourceTree = "<group>";
		};
		75E56C152C70B9BA000CA0BC /* Model */ = {
			isa = PBXGroup;
			children = (
				751256A12C86376A000234C0 /* Organization.swift */,
				75E56C162C70B9C7000CA0BC /* Project.swift */,
				756EABD12C71633300EFBE33 /* Issue.swift */,
			);
			path = Model;
			sourceTree = "<group>";
		};
		75E56C2D2C70C3F5000CA0BC /* Frameworks */ = {
			isa = PBXGroup;
			children = (
			);
			name = Frameworks;
			sourceTree = "<group>";
		};
		75FFC4732C79245100FD945E /* Screens */ = {
			isa = PBXGroup;
			children = (
				75FFC4782C792D4700FD945E /* Profile */,
				75FFC4772C7924DF00FD945E /* Projects */,
				75FFC4742C79245E00FD945E /* Components */,
			);
			path = Screens;
			sourceTree = "<group>";
		};
		75FFC4742C79245E00FD945E /* Components */ = {
			isa = PBXGroup;
			children = (
				7545E6DC2C7E7DF70078B903 /* ProfilePicker.swift */,
				7545E6F22C8508580078B903 /* SonarQubeSettingsView.swift */,
				751256AB2C8646D3000234C0 /* ErrorView.swift */,
				751256AD2C866172000234C0 /* SecureTextField.swift */,
			);
			path = Components;
			sourceTree = "<group>";
		};
		75FFC4772C7924DF00FD945E /* Projects */ = {
			isa = PBXGroup;
			children = (
				75E56C222C70BBE1000CA0BC /* ProjectsViewModel.swift */,
				75FFC4752C79249A00FD945E /* ProjectsView.swift */,
			);
			path = Projects;
			sourceTree = "<group>";
		};
		75FFC4782C792D4700FD945E /* Profile */ = {
			isa = PBXGroup;
			children = (
				75FFC47D2C79374300FD945E /* Settings */,
				75FFC47B2C792EAB00FD945E /* ProfileView.swift */,
				7545E6E02C7FC90E0078B903 /* AddProfileView.swift */,
				7545E6F02C84E1890078B903 /* AddProfileViewModel.swift */,
			);
			path = Profile;
			sourceTree = "<group>";
		};
		75FFC47D2C79374300FD945E /* Settings */ = {
			isa = PBXGroup;
			children = (
				75FFC4792C792D7100FD945E /* SettingsView.swift */,
			);
			path = Settings;
			sourceTree = "<group>";
		};
/* End PBXGroup section */

/* Begin PBXNativeTarget section */
		75E56BE42C70B929000CA0BC /* SonariOS */ = {
			isa = PBXNativeTarget;
			buildConfigurationList = 75E56C092C70B92A000CA0BC /* Build configuration list for PBXNativeTarget "SonariOS" */;
			buildPhases = (
				75E56BE12C70B929000CA0BC /* Sources */,
				75E56BE22C70B929000CA0BC /* Frameworks */,
				75E56BE32C70B929000CA0BC /* Resources */,
			);
			buildRules = (
			);
			dependencies = (
			);
			name = SonariOS;
			packageProductDependencies = (
				75E56C1D2C70BACA000CA0BC /* Factory */,
				755A9F0D2C72124200570528 /* HTTPTypes */,
				755A9F0F2C72124200570528 /* HTTPTypesFoundation */,
			);
			productName = SonariOS;
			productReference = 75E56BE52C70B929000CA0BC /* SonariOS.app */;
			productType = "com.apple.product-type.application";
		};
		75E56BF42C70B92A000CA0BC /* SonariOSTests */ = {
			isa = PBXNativeTarget;
			buildConfigurationList = 75E56C0C2C70B92A000CA0BC /* Build configuration list for PBXNativeTarget "SonariOSTests" */;
			buildPhases = (
				75E56BF12C70B92A000CA0BC /* Sources */,
				75E56BF22C70B92A000CA0BC /* Frameworks */,
				75E56BF32C70B92A000CA0BC /* Resources */,
			);
			buildRules = (
			);
			dependencies = (
				756EABAD2C70DE3900EFBE33 /* PBXTargetDependency */,
				75E56BF72C70B92A000CA0BC /* PBXTargetDependency */,
			);
			name = SonariOSTests;
			packageProductDependencies = (
				75E56C272C70C341000CA0BC /* Cuckoo */,
			);
			productName = SonariOSTests;
			productReference = 75E56BF52C70B92A000CA0BC /* SonariOSTests.xctest */;
			productType = "com.apple.product-type.bundle.unit-test";
		};
		75E56BFE2C70B92A000CA0BC /* SonariOSUITests */ = {
			isa = PBXNativeTarget;
			buildConfigurationList = 75E56C0F2C70B92A000CA0BC /* Build configuration list for PBXNativeTarget "SonariOSUITests" */;
			buildPhases = (
				75E56BFB2C70B92A000CA0BC /* Sources */,
				75E56BFC2C70B92A000CA0BC /* Frameworks */,
				75E56BFD2C70B92A000CA0BC /* Resources */,
			);
			buildRules = (
			);
			dependencies = (
				75E56C012C70B92A000CA0BC /* PBXTargetDependency */,
			);
			name = SonariOSUITests;
			productName = SonariOSUITests;
			productReference = 75E56BFF2C70B92A000CA0BC /* SonariOSUITests.xctest */;
			productType = "com.apple.product-type.bundle.ui-testing";
		};
/* End PBXNativeTarget section */

/* Begin PBXProject section */
		75E56BDD2C70B929000CA0BC /* Project object */ = {
			isa = PBXProject;
			attributes = {
				BuildIndependentTargetsInParallel = 1;
				LastSwiftUpdateCheck = 1540;
				LastUpgradeCheck = 1540;
				TargetAttributes = {
					75E56BE42C70B929000CA0BC = {
						CreatedOnToolsVersion = 15.4;
					};
					75E56BF42C70B92A000CA0BC = {
						CreatedOnToolsVersion = 15.4;
						TestTargetID = 75E56BE42C70B929000CA0BC;
					};
					75E56BFE2C70B92A000CA0BC = {
						CreatedOnToolsVersion = 15.4;
						TestTargetID = 75E56BE42C70B929000CA0BC;
					};
				};
			};
			buildConfigurationList = 75E56BE02C70B929000CA0BC /* Build configuration list for PBXProject "SonariOS" */;
			compatibilityVersion = "Xcode 14.0";
			developmentRegion = en;
			hasScannedForEncodings = 0;
			knownRegions = (
				en,
				Base,
			);
			mainGroup = 75E56BDC2C70B929000CA0BC;
			packageReferences = (
				75E56C1C2C70BACA000CA0BC /* XCRemoteSwiftPackageReference "Factory" */,
				75E56C262C70C341000CA0BC /* XCRemoteSwiftPackageReference "Cuckoo" */,
				755A9F0C2C72124200570528 /* XCRemoteSwiftPackageReference "swift-http-types" */,
			);
			productRefGroup = 75E56BE62C70B929000CA0BC /* Products */;
			projectDirPath = "";
			projectRoot = "";
			targets = (
				75E56BE42C70B929000CA0BC /* SonariOS */,
				75E56BF42C70B92A000CA0BC /* SonariOSTests */,
				75E56BFE2C70B92A000CA0BC /* SonariOSUITests */,
			);
		};
/* End PBXProject section */

/* Begin PBXResourcesBuildPhase section */
		75E56BE32C70B929000CA0BC /* Resources */ = {
			isa = PBXResourcesBuildPhase;
			buildActionMask = 2147483647;
			files = (
				75E56BF02C70B92A000CA0BC /* Preview Assets.xcassets in Resources */,
				75E56BED2C70B92A000CA0BC /* Assets.xcassets in Resources */,
			);
			runOnlyForDeploymentPostprocessing = 0;
		};
		75E56BF32C70B92A000CA0BC /* Resources */ = {
			isa = PBXResourcesBuildPhase;
			buildActionMask = 2147483647;
			files = (
			);
			runOnlyForDeploymentPostprocessing = 0;
		};
		75E56BFD2C70B92A000CA0BC /* Resources */ = {
			isa = PBXResourcesBuildPhase;
			buildActionMask = 2147483647;
			files = (
			);
			runOnlyForDeploymentPostprocessing = 0;
		};
/* End PBXResourcesBuildPhase section */

/* Begin PBXSourcesBuildPhase section */
		75E56BE12C70B929000CA0BC /* Sources */ = {
			isa = PBXSourcesBuildPhase;
			buildActionMask = 2147483647;
			files = (
				7545E6EC2C84D97C0078B903 /* ProfileSettingsValidatorFactory.swift in Sources */,
				751256A22C86376A000234C0 /* Organization.swift in Sources */,
				75E56C232C70BBE1000CA0BC /* ProjectsViewModel.swift in Sources */,
				75E56C212C70BB6E000CA0BC /* DependencyContainer.swift in Sources */,
				751256B02C866C27000234C0 /* Page.swift in Sources */,
				7545E6DF2C7E80C00078B903 /* SonarQubeUserDefaults.swift in Sources */,
				7545E6F12C84E1890078B903 /* AddProfileViewModel.swift in Sources */,
				75E56C142C70B972000CA0BC /* SonarClient.swift in Sources */,
				7545E6E12C7FC90E0078B903 /* AddProfileView.swift in Sources */,
				755A9F122C72214800570528 /* APIError.swift in Sources */,
				7597CBB32C768DE4003810AF /* Headers.swift in Sources */,
				751256AE2C866172000234C0 /* SecureTextField.swift in Sources */,
				751256AC2C8646D3000234C0 /* ErrorView.swift in Sources */,
				7545E6F52C8519D20078B903 /* NameValidator.swift in Sources */,
				7545E6EF2C84DB190078B903 /* BaseUrlValidator.swift in Sources */,
				75EF1A7D2C72B4A800E3D879 /* APIListResponse.swift in Sources */,
				75E56BEB2C70B929000CA0BC /* ContentView.swift in Sources */,
				751256A52C863988000234C0 /* ProjectListResponse.swift in Sources */,
				7545E6EA2C84D9240078B903 /* SonarUserDefaultsValidator.swift in Sources */,
				751256D52C8E004F000234C0 /* ApiKeyValidator.swift in Sources */,
				751256A72C863AB1000234C0 /* OrganizationListResponse.swift in Sources */,
				7545E6F32C8508580078B903 /* SonarQubeSettingsView.swift in Sources */,
				7545E6DD2C7E7DF70078B903 /* ProfilePicker.swift in Sources */,
				7545E6E52C83498B0078B903 /* SonarUserDefaults.swift in Sources */,
				75FFC4762C79249A00FD945E /* ProjectsView.swift in Sources */,
				75E56C192C70BA11000CA0BC /* SonarQubeClient.swift in Sources */,
				75FFC47C2C792EAB00FD945E /* ProfileView.swift in Sources */,
				7545E6E32C80FEC70078B903 /* SonarCloudUserDefaults.swift in Sources */,
				75FFC47A2C792D7100FD945E /* SettingsView.swift in Sources */,
				756AED5C2C78E4EB00F7972C /* Preferences.swift in Sources */,
				751256B22C877B36000234C0 /* IntUtils.swift in Sources */,
				7597CBB12C7684AB003810AF /* BundleData.swift in Sources */,
				751256AA2C863C4B000234C0 /* ArrayUtils.swift in Sources */,
				75E56BE92C70B929000CA0BC /* SonariOSApp.swift in Sources */,
				75E56C1B2C70BA1D000CA0BC /* SonarCloudClient.swift in Sources */,
				75E56C172C70B9C7000CA0BC /* Project.swift in Sources */,
				756EABD22C71633300EFBE33 /* Issue.swift in Sources */,
			);
			runOnlyForDeploymentPostprocessing = 0;
		};
		75E56BF12C70B92A000CA0BC /* Sources */ = {
			isa = PBXSourcesBuildPhase;
			buildActionMask = 2147483647;
			files = (
				75E56BFA2C70B92A000CA0BC /* ProjectsViewModelTests.swift in Sources */,
				751256E42C8E08CB000234C0 /* ApiKeyValidatorTests.swift in Sources */,
				751256E22C8E08B8000234C0 /* NameValidatorTests.swift in Sources */,
				751256DB2C8E03AC000234C0 /* BaseUrlValidatorTests.swift in Sources */,
			);
			runOnlyForDeploymentPostprocessing = 0;
		};
		75E56BFB2C70B92A000CA0BC /* Sources */ = {
			isa = PBXSourcesBuildPhase;
			buildActionMask = 2147483647;
			files = (
				75E56C062C70B92A000CA0BC /* SonariOSUITestsLaunchTests.swift in Sources */,
				75E56C042C70B92A000CA0BC /* SonariOSUITests.swift in Sources */,
			);
			runOnlyForDeploymentPostprocessing = 0;
		};
/* End PBXSourcesBuildPhase section */

/* Begin PBXTargetDependency section */
		756EABAD2C70DE3900EFBE33 /* PBXTargetDependency */ = {
			isa = PBXTargetDependency;
			productRef = 756EABAC2C70DE3900EFBE33 /* CuckooPluginSingleFile */;
		};
		75E56BF72C70B92A000CA0BC /* PBXTargetDependency */ = {
			isa = PBXTargetDependency;
			target = 75E56BE42C70B929000CA0BC /* SonariOS */;
			targetProxy = 75E56BF62C70B92A000CA0BC /* PBXContainerItemProxy */;
		};
		75E56C012C70B92A000CA0BC /* PBXTargetDependency */ = {
			isa = PBXTargetDependency;
			target = 75E56BE42C70B929000CA0BC /* SonariOS */;
			targetProxy = 75E56C002C70B92A000CA0BC /* PBXContainerItemProxy */;
		};
/* End PBXTargetDependency section */

/* Begin XCBuildConfiguration section */
		75E56C072C70B92A000CA0BC /* Debug */ = {
			isa = XCBuildConfiguration;
			buildSettings = {
				ALWAYS_SEARCH_USER_PATHS = NO;
				ASSETCATALOG_COMPILER_GENERATE_SWIFT_ASSET_SYMBOL_EXTENSIONS = YES;
				CLANG_ANALYZER_NONNULL = YES;
				CLANG_ANALYZER_NUMBER_OBJECT_CONVERSION = YES_AGGRESSIVE;
				CLANG_CXX_LANGUAGE_STANDARD = "gnu++20";
				CLANG_ENABLE_MODULES = YES;
				CLANG_ENABLE_OBJC_ARC = YES;
				CLANG_ENABLE_OBJC_WEAK = YES;
				CLANG_WARN_BLOCK_CAPTURE_AUTORELEASING = YES;
				CLANG_WARN_BOOL_CONVERSION = YES;
				CLANG_WARN_COMMA = YES;
				CLANG_WARN_CONSTANT_CONVERSION = YES;
				CLANG_WARN_DEPRECATED_OBJC_IMPLEMENTATIONS = YES;
				CLANG_WARN_DIRECT_OBJC_ISA_USAGE = YES_ERROR;
				CLANG_WARN_DOCUMENTATION_COMMENTS = YES;
				CLANG_WARN_EMPTY_BODY = YES;
				CLANG_WARN_ENUM_CONVERSION = YES;
				CLANG_WARN_INFINITE_RECURSION = YES;
				CLANG_WARN_INT_CONVERSION = YES;
				CLANG_WARN_NON_LITERAL_NULL_CONVERSION = YES;
				CLANG_WARN_OBJC_IMPLICIT_RETAIN_SELF = YES;
				CLANG_WARN_OBJC_LITERAL_CONVERSION = YES;
				CLANG_WARN_OBJC_ROOT_CLASS = YES_ERROR;
				CLANG_WARN_QUOTED_INCLUDE_IN_FRAMEWORK_HEADER = YES;
				CLANG_WARN_RANGE_LOOP_ANALYSIS = YES;
				CLANG_WARN_STRICT_PROTOTYPES = YES;
				CLANG_WARN_SUSPICIOUS_MOVE = YES;
				CLANG_WARN_UNGUARDED_AVAILABILITY = YES_AGGRESSIVE;
				CLANG_WARN_UNREACHABLE_CODE = YES;
				CLANG_WARN__DUPLICATE_METHOD_MATCH = YES;
				COPY_PHASE_STRIP = NO;
				DEBUG_INFORMATION_FORMAT = dwarf;
				ENABLE_STRICT_OBJC_MSGSEND = YES;
				ENABLE_TESTABILITY = YES;
				ENABLE_USER_SCRIPT_SANDBOXING = YES;
				GCC_C_LANGUAGE_STANDARD = gnu17;
				GCC_DYNAMIC_NO_PIC = NO;
				GCC_NO_COMMON_BLOCKS = YES;
				GCC_OPTIMIZATION_LEVEL = 0;
				GCC_PREPROCESSOR_DEFINITIONS = (
					"DEBUG=1",
					"$(inherited)",
				);
				GCC_WARN_64_TO_32_BIT_CONVERSION = YES;
				GCC_WARN_ABOUT_RETURN_TYPE = YES_ERROR;
				GCC_WARN_UNDECLARED_SELECTOR = YES;
				GCC_WARN_UNINITIALIZED_AUTOS = YES_AGGRESSIVE;
				GCC_WARN_UNUSED_FUNCTION = YES;
				GCC_WARN_UNUSED_VARIABLE = YES;
				IPHONEOS_DEPLOYMENT_TARGET = 17.5;
				LOCALIZATION_PREFERS_STRING_CATALOGS = YES;
				MTL_ENABLE_DEBUG_INFO = INCLUDE_SOURCE;
				MTL_FAST_MATH = YES;
				ONLY_ACTIVE_ARCH = YES;
				SDKROOT = iphoneos;
				SWIFT_ACTIVE_COMPILATION_CONDITIONS = "DEBUG $(inherited)";
				SWIFT_OPTIMIZATION_LEVEL = "-Onone";
			};
			name = Debug;
		};
		75E56C082C70B92A000CA0BC /* Release */ = {
			isa = XCBuildConfiguration;
			buildSettings = {
				ALWAYS_SEARCH_USER_PATHS = NO;
				ASSETCATALOG_COMPILER_GENERATE_SWIFT_ASSET_SYMBOL_EXTENSIONS = YES;
				CLANG_ANALYZER_NONNULL = YES;
				CLANG_ANALYZER_NUMBER_OBJECT_CONVERSION = YES_AGGRESSIVE;
				CLANG_CXX_LANGUAGE_STANDARD = "gnu++20";
				CLANG_ENABLE_MODULES = YES;
				CLANG_ENABLE_OBJC_ARC = YES;
				CLANG_ENABLE_OBJC_WEAK = YES;
				CLANG_WARN_BLOCK_CAPTURE_AUTORELEASING = YES;
				CLANG_WARN_BOOL_CONVERSION = YES;
				CLANG_WARN_COMMA = YES;
				CLANG_WARN_CONSTANT_CONVERSION = YES;
				CLANG_WARN_DEPRECATED_OBJC_IMPLEMENTATIONS = YES;
				CLANG_WARN_DIRECT_OBJC_ISA_USAGE = YES_ERROR;
				CLANG_WARN_DOCUMENTATION_COMMENTS = YES;
				CLANG_WARN_EMPTY_BODY = YES;
				CLANG_WARN_ENUM_CONVERSION = YES;
				CLANG_WARN_INFINITE_RECURSION = YES;
				CLANG_WARN_INT_CONVERSION = YES;
				CLANG_WARN_NON_LITERAL_NULL_CONVERSION = YES;
				CLANG_WARN_OBJC_IMPLICIT_RETAIN_SELF = YES;
				CLANG_WARN_OBJC_LITERAL_CONVERSION = YES;
				CLANG_WARN_OBJC_ROOT_CLASS = YES_ERROR;
				CLANG_WARN_QUOTED_INCLUDE_IN_FRAMEWORK_HEADER = YES;
				CLANG_WARN_RANGE_LOOP_ANALYSIS = YES;
				CLANG_WARN_STRICT_PROTOTYPES = YES;
				CLANG_WARN_SUSPICIOUS_MOVE = YES;
				CLANG_WARN_UNGUARDED_AVAILABILITY = YES_AGGRESSIVE;
				CLANG_WARN_UNREACHABLE_CODE = YES;
				CLANG_WARN__DUPLICATE_METHOD_MATCH = YES;
				COPY_PHASE_STRIP = NO;
				DEBUG_INFORMATION_FORMAT = "dwarf-with-dsym";
				ENABLE_NS_ASSERTIONS = NO;
				ENABLE_STRICT_OBJC_MSGSEND = YES;
				ENABLE_USER_SCRIPT_SANDBOXING = YES;
				GCC_C_LANGUAGE_STANDARD = gnu17;
				GCC_NO_COMMON_BLOCKS = YES;
				GCC_WARN_64_TO_32_BIT_CONVERSION = YES;
				GCC_WARN_ABOUT_RETURN_TYPE = YES_ERROR;
				GCC_WARN_UNDECLARED_SELECTOR = YES;
				GCC_WARN_UNINITIALIZED_AUTOS = YES_AGGRESSIVE;
				GCC_WARN_UNUSED_FUNCTION = YES;
				GCC_WARN_UNUSED_VARIABLE = YES;
				IPHONEOS_DEPLOYMENT_TARGET = 17.5;
				LOCALIZATION_PREFERS_STRING_CATALOGS = YES;
				MTL_ENABLE_DEBUG_INFO = NO;
				MTL_FAST_MATH = YES;
				SDKROOT = iphoneos;
				SWIFT_COMPILATION_MODE = wholemodule;
				VALIDATE_PRODUCT = YES;
			};
			name = Release;
		};
		75E56C0A2C70B92A000CA0BC /* Debug */ = {
			isa = XCBuildConfiguration;
			buildSettings = {
				ASSETCATALOG_COMPILER_APPICON_NAME = AppIcon;
				ASSETCATALOG_COMPILER_GLOBAL_ACCENT_COLOR_NAME = AccentColor;
				CODE_SIGN_STYLE = Automatic;
				CURRENT_PROJECT_VERSION = 1;
				DEVELOPMENT_ASSET_PATHS = "\"SonariOS/Preview Content\"";
				DEVELOPMENT_TEAM = UF5D59LRLU;
				ENABLE_PREVIEWS = YES;
				GENERATE_INFOPLIST_FILE = YES;
				INFOPLIST_KEY_UIApplicationSceneManifest_Generation = YES;
				INFOPLIST_KEY_UIApplicationSupportsIndirectInputEvents = YES;
				INFOPLIST_KEY_UILaunchScreen_Generation = YES;
				INFOPLIST_KEY_UISupportedInterfaceOrientations = UIInterfaceOrientationPortrait;
				INFOPLIST_KEY_UISupportedInterfaceOrientations_iPad = "UIInterfaceOrientationLandscapeLeft UIInterfaceOrientationLandscapeRight UIInterfaceOrientationPortrait UIInterfaceOrientationPortraitUpsideDown";
				LD_RUNPATH_SEARCH_PATHS = (
					"$(inherited)",
					"@executable_path/Frameworks",
				);
				MARKETING_VERSION = 1.0;
				PRODUCT_BUNDLE_IDENTIFIER = uk.co.mattwhitaker.SonariOS;
				PRODUCT_NAME = "$(TARGET_NAME)";
				SWIFT_EMIT_LOC_STRINGS = YES;
				SWIFT_VERSION = 5.0;
				TARGETED_DEVICE_FAMILY = "1,2";
			};
			name = Debug;
		};
		75E56C0B2C70B92A000CA0BC /* Release */ = {
			isa = XCBuildConfiguration;
			buildSettings = {
				ASSETCATALOG_COMPILER_APPICON_NAME = AppIcon;
				ASSETCATALOG_COMPILER_GLOBAL_ACCENT_COLOR_NAME = AccentColor;
				CODE_SIGN_STYLE = Automatic;
				CURRENT_PROJECT_VERSION = 1;
				DEVELOPMENT_ASSET_PATHS = "\"SonariOS/Preview Content\"";
				DEVELOPMENT_TEAM = UF5D59LRLU;
				ENABLE_PREVIEWS = YES;
				GENERATE_INFOPLIST_FILE = YES;
				INFOPLIST_KEY_UIApplicationSceneManifest_Generation = YES;
				INFOPLIST_KEY_UIApplicationSupportsIndirectInputEvents = YES;
				INFOPLIST_KEY_UILaunchScreen_Generation = YES;
				INFOPLIST_KEY_UISupportedInterfaceOrientations = UIInterfaceOrientationPortrait;
				INFOPLIST_KEY_UISupportedInterfaceOrientations_iPad = "UIInterfaceOrientationLandscapeLeft UIInterfaceOrientationLandscapeRight UIInterfaceOrientationPortrait UIInterfaceOrientationPortraitUpsideDown";
				LD_RUNPATH_SEARCH_PATHS = (
					"$(inherited)",
					"@executable_path/Frameworks",
				);
				MARKETING_VERSION = 1.0;
				PRODUCT_BUNDLE_IDENTIFIER = uk.co.mattwhitaker.SonariOS;
				PRODUCT_NAME = "$(TARGET_NAME)";
				SWIFT_EMIT_LOC_STRINGS = YES;
				SWIFT_VERSION = 5.0;
				TARGETED_DEVICE_FAMILY = "1,2";
			};
			name = Release;
		};
		75E56C0D2C70B92A000CA0BC /* Debug */ = {
			isa = XCBuildConfiguration;
			buildSettings = {
				ALWAYS_EMBED_SWIFT_STANDARD_LIBRARIES = YES;
				BUNDLE_LOADER = "$(TEST_HOST)";
				CODE_SIGN_STYLE = Automatic;
				CURRENT_PROJECT_VERSION = 1;
				DEVELOPMENT_TEAM = UF5D59LRLU;
				GENERATE_INFOPLIST_FILE = YES;
				IPHONEOS_DEPLOYMENT_TARGET = 17.5;
				MARKETING_VERSION = 1.0;
				PRODUCT_BUNDLE_IDENTIFIER = uk.co.mattwhitaker.SonariOSTests;
				PRODUCT_NAME = "$(TARGET_NAME)";
				SWIFT_EMIT_LOC_STRINGS = NO;
				SWIFT_VERSION = 5.0;
				TARGETED_DEVICE_FAMILY = "1,2";
				TEST_HOST = "$(BUILT_PRODUCTS_DIR)/SonariOS.app/$(BUNDLE_EXECUTABLE_FOLDER_PATH)/SonariOS";
			};
			name = Debug;
		};
		75E56C0E2C70B92A000CA0BC /* Release */ = {
			isa = XCBuildConfiguration;
			buildSettings = {
				ALWAYS_EMBED_SWIFT_STANDARD_LIBRARIES = YES;
				BUNDLE_LOADER = "$(TEST_HOST)";
				CODE_SIGN_STYLE = Automatic;
				CURRENT_PROJECT_VERSION = 1;
				DEVELOPMENT_TEAM = UF5D59LRLU;
				GENERATE_INFOPLIST_FILE = YES;
				IPHONEOS_DEPLOYMENT_TARGET = 17.5;
				MARKETING_VERSION = 1.0;
				PRODUCT_BUNDLE_IDENTIFIER = uk.co.mattwhitaker.SonariOSTests;
				PRODUCT_NAME = "$(TARGET_NAME)";
				SWIFT_EMIT_LOC_STRINGS = NO;
				SWIFT_VERSION = 5.0;
				TARGETED_DEVICE_FAMILY = "1,2";
				TEST_HOST = "$(BUILT_PRODUCTS_DIR)/SonariOS.app/$(BUNDLE_EXECUTABLE_FOLDER_PATH)/SonariOS";
			};
			name = Release;
		};
		75E56C102C70B92A000CA0BC /* Debug */ = {
			isa = XCBuildConfiguration;
			buildSettings = {
				ALWAYS_EMBED_SWIFT_STANDARD_LIBRARIES = YES;
				CODE_SIGN_STYLE = Automatic;
				CURRENT_PROJECT_VERSION = 1;
				DEVELOPMENT_TEAM = UF5D59LRLU;
				GENERATE_INFOPLIST_FILE = YES;
				MARKETING_VERSION = 1.0;
				PRODUCT_BUNDLE_IDENTIFIER = uk.co.mattwhitaker.SonariOSUITests;
				PRODUCT_NAME = "$(TARGET_NAME)";
				SWIFT_EMIT_LOC_STRINGS = NO;
				SWIFT_VERSION = 5.0;
				TARGETED_DEVICE_FAMILY = "1,2";
				TEST_TARGET_NAME = SonariOS;
			};
			name = Debug;
		};
		75E56C112C70B92A000CA0BC /* Release */ = {
			isa = XCBuildConfiguration;
			buildSettings = {
				ALWAYS_EMBED_SWIFT_STANDARD_LIBRARIES = YES;
				CODE_SIGN_STYLE = Automatic;
				CURRENT_PROJECT_VERSION = 1;
				DEVELOPMENT_TEAM = UF5D59LRLU;
				GENERATE_INFOPLIST_FILE = YES;
				MARKETING_VERSION = 1.0;
				PRODUCT_BUNDLE_IDENTIFIER = uk.co.mattwhitaker.SonariOSUITests;
				PRODUCT_NAME = "$(TARGET_NAME)";
				SWIFT_EMIT_LOC_STRINGS = NO;
				SWIFT_VERSION = 5.0;
				TARGETED_DEVICE_FAMILY = "1,2";
				TEST_TARGET_NAME = SonariOS;
			};
			name = Release;
		};
/* End XCBuildConfiguration section */

/* Begin XCConfigurationList section */
		75E56BE02C70B929000CA0BC /* Build configuration list for PBXProject "SonariOS" */ = {
			isa = XCConfigurationList;
			buildConfigurations = (
				75E56C072C70B92A000CA0BC /* Debug */,
				75E56C082C70B92A000CA0BC /* Release */,
			);
			defaultConfigurationIsVisible = 0;
			defaultConfigurationName = Release;
		};
		75E56C092C70B92A000CA0BC /* Build configuration list for PBXNativeTarget "SonariOS" */ = {
			isa = XCConfigurationList;
			buildConfigurations = (
				75E56C0A2C70B92A000CA0BC /* Debug */,
				75E56C0B2C70B92A000CA0BC /* Release */,
			);
			defaultConfigurationIsVisible = 0;
			defaultConfigurationName = Release;
		};
		75E56C0C2C70B92A000CA0BC /* Build configuration list for PBXNativeTarget "SonariOSTests" */ = {
			isa = XCConfigurationList;
			buildConfigurations = (
				75E56C0D2C70B92A000CA0BC /* Debug */,
				75E56C0E2C70B92A000CA0BC /* Release */,
			);
			defaultConfigurationIsVisible = 0;
			defaultConfigurationName = Release;
		};
		75E56C0F2C70B92A000CA0BC /* Build configuration list for PBXNativeTarget "SonariOSUITests" */ = {
			isa = XCConfigurationList;
			buildConfigurations = (
				75E56C102C70B92A000CA0BC /* Debug */,
				75E56C112C70B92A000CA0BC /* Release */,
			);
			defaultConfigurationIsVisible = 0;
			defaultConfigurationName = Release;
		};
/* End XCConfigurationList section */

/* Begin XCRemoteSwiftPackageReference section */
		755A9F0C2C72124200570528 /* XCRemoteSwiftPackageReference "swift-http-types" */ = {
			isa = XCRemoteSwiftPackageReference;
			repositoryURL = "https://github.com/apple/swift-http-types.git";
			requirement = {
				kind = upToNextMajorVersion;
				minimumVersion = 1.3.0;
			};
		};
		75E56C1C2C70BACA000CA0BC /* XCRemoteSwiftPackageReference "Factory" */ = {
			isa = XCRemoteSwiftPackageReference;
			repositoryURL = "https://github.com/hmlongco/Factory.git";
			requirement = {
				kind = upToNextMajorVersion;
				minimumVersion = 2.3.2;
			};
		};
		75E56C262C70C341000CA0BC /* XCRemoteSwiftPackageReference "Cuckoo" */ = {
			isa = XCRemoteSwiftPackageReference;
			repositoryURL = "https://github.com/Brightify/Cuckoo.git";
			requirement = {
				kind = upToNextMajorVersion;
				minimumVersion = 2.0.9;
			};
		};
/* End XCRemoteSwiftPackageReference section */

/* Begin XCSwiftPackageProductDependency section */
		755A9F0D2C72124200570528 /* HTTPTypes */ = {
			isa = XCSwiftPackageProductDependency;
			package = 755A9F0C2C72124200570528 /* XCRemoteSwiftPackageReference "swift-http-types" */;
			productName = HTTPTypes;
		};
		755A9F0F2C72124200570528 /* HTTPTypesFoundation */ = {
			isa = XCSwiftPackageProductDependency;
			package = 755A9F0C2C72124200570528 /* XCRemoteSwiftPackageReference "swift-http-types" */;
			productName = HTTPTypesFoundation;
		};
		756EABAC2C70DE3900EFBE33 /* CuckooPluginSingleFile */ = {
			isa = XCSwiftPackageProductDependency;
			package = 75E56C262C70C341000CA0BC /* XCRemoteSwiftPackageReference "Cuckoo" */;
			productName = "plugin:CuckooPluginSingleFile";
		};
		75E56C1D2C70BACA000CA0BC /* Factory */ = {
			isa = XCSwiftPackageProductDependency;
			package = 75E56C1C2C70BACA000CA0BC /* XCRemoteSwiftPackageReference "Factory" */;
			productName = Factory;
		};
		75E56C272C70C341000CA0BC /* Cuckoo */ = {
			isa = XCSwiftPackageProductDependency;
			package = 75E56C262C70C341000CA0BC /* XCRemoteSwiftPackageReference "Cuckoo" */;
			productName = Cuckoo;
		};
/* End XCSwiftPackageProductDependency section */
	};
	rootObject = 75E56BDD2C70B929000CA0BC /* Project object */;
}
